// !$*UTF8*$!
{
	archiveVersion = 1;
	classes = {
	};
	objectVersion = 56;
	objects = {

/* Begin PBXBuildFile section */
		40273C982EA5C12300C63E94 /* SpotifySortApp.swift in Sources */ = {isa = PBXBuildFile; fileRef = 40273C972EA5C12300C63E94 /* SpotifySortApp.swift */; };
		40273C9A2EA5C12300C63E94 /* ContentView.swift in Sources */ = {isa = PBXBuildFile; fileRef = 40273C992EA5C12300C63E94 /* ContentView.swift */; };
		40273C9C2EA5C12500C63E94 /* Assets.xcassets in Resources */ = {isa = PBXBuildFile; fileRef = 40273C9B2EA5C12500C63E94 /* Assets.xcassets */; };
		40273CA02EA5C12500C63E94 /* Preview Assets.xcassets in Resources */ = {isa = PBXBuildFile; fileRef = 40273C9F2EA5C12500C63E94 /* Preview Assets.xcassets */; };
		40273CA82EA8CB0C00C63E94 /* AuthManager.swift in Sources */ = {isa = PBXBuildFile; fileRef = 40273CA72EA8CB0C00C63E94 /* AuthManager.swift */; };
		40273CAA2EA8CB1F00C63E94 /* SpotifyAPI.swift in Sources */ = {isa = PBXBuildFile; fileRef = 40273CA92EA8CB1F00C63E94 /* SpotifyAPI.swift */; };
		40273CAC2EA8CB2B00C63E94 /* Models.swift in Sources */ = {isa = PBXBuildFile; fileRef = 40273CAB2EA8CB2B00C63E94 /* Models.swift */; };
		40273CAE2EA8CBEE00C63E94 /* Views.swift in Sources */ = {isa = PBXBuildFile; fileRef = 40273CAD2EA8CBEE00C63E94 /* Views.swift */; };
		40273CB02EA8CD6000C63E94 /* SwipeCard.swift in Sources */ = {isa = PBXBuildFile; fileRef = 40273CAF2EA8CD6000C63E94 /* SwipeCard.swift */; };
		40273CB22EA8CF2500C63E94 /* RemoteImage.swift in Sources */ = {isa = PBXBuildFile; fileRef = 40273CB12EA8CF2500C63E94 /* RemoteImage.swift */; };
/* End PBXBuildFile section */

/* Begin PBXFileReference section */
		40273C942EA5C12300C63E94 /* SpotifySort.app */ = {isa = PBXFileReference; explicitFileType = wrapper.application; includeInIndex = 0; path = SpotifySort.app; sourceTree = BUILT_PRODUCTS_DIR; };
		40273C972EA5C12300C63E94 /* SpotifySortApp.swift */ = {isa = PBXFileReference; lastKnownFileType = sourcecode.swift; path = SpotifySortApp.swift; sourceTree = "<group>"; };
		40273C992EA5C12300C63E94 /* ContentView.swift */ = {isa = PBXFileReference; lastKnownFileType = sourcecode.swift; path = ContentView.swift; sourceTree = "<group>"; };
		40273C9B2EA5C12500C63E94 /* Assets.xcassets */ = {isa = PBXFileReference; lastKnownFileType = folder.assetcatalog; path = Assets.xcassets; sourceTree = "<group>"; };
		40273C9D2EA5C12500C63E94 /* SpotifySort.entitlements */ = {isa = PBXFileReference; lastKnownFileType = text.plist.entitlements; path = SpotifySort.entitlements; sourceTree = "<group>"; };
		40273C9F2EA5C12500C63E94 /* Preview Assets.xcassets */ = {isa = PBXFileReference; lastKnownFileType = folder.assetcatalog; path = "Preview Assets.xcassets"; sourceTree = "<group>"; };
		40273CA62EA87ED300C63E94 /* Info.plist */ = {isa = PBXFileReference; lastKnownFileType = text.plist; path = Info.plist; sourceTree = "<group>"; };
		40273CA72EA8CB0C00C63E94 /* AuthManager.swift */ = {isa = PBXFileReference; lastKnownFileType = sourcecode.swift; path = AuthManager.swift; sourceTree = "<group>"; };
		40273CA92EA8CB1F00C63E94 /* SpotifyAPI.swift */ = {isa = PBXFileReference; lastKnownFileType = sourcecode.swift; path = SpotifyAPI.swift; sourceTree = "<group>"; };
		40273CAB2EA8CB2B00C63E94 /* Models.swift */ = {isa = PBXFileReference; lastKnownFileType = sourcecode.swift; path = Models.swift; sourceTree = "<group>"; };
		40273CAD2EA8CBEE00C63E94 /* Views.swift */ = {isa = PBXFileReference; lastKnownFileType = sourcecode.swift; path = Views.swift; sourceTree = "<group>"; };
		40273CAF2EA8CD6000C63E94 /* SwipeCard.swift */ = {isa = PBXFileReference; lastKnownFileType = sourcecode.swift; path = SwipeCard.swift; sourceTree = "<group>"; };
		40273CB12EA8CF2500C63E94 /* RemoteImage.swift */ = {isa = PBXFileReference; lastKnownFileType = sourcecode.swift; path = RemoteImage.swift; sourceTree = "<group>"; };
/* End PBXFileReference section */

/* Begin PBXFrameworksBuildPhase section */
		40273C912EA5C12300C63E94 /* Frameworks */ = {
			isa = PBXFrameworksBuildPhase;
			buildActionMask = 2147483647;
			files = (
			);
			runOnlyForDeploymentPostprocessing = 0;
		};
/* End PBXFrameworksBuildPhase section */

/* Begin PBXGroup section */
		40273C8B2EA5C12300C63E94 = {
			isa = PBXGroup;
			children = (
				40273C962EA5C12300C63E94 /* SpotifySort */,
				40273C952EA5C12300C63E94 /* Products */,
			);
			sourceTree = "<group>";
		};
		40273C952EA5C12300C63E94 /* Products */ = {
			isa = PBXGroup;
			children = (
				40273C942EA5C12300C63E94 /* SpotifySort.app */,
			);
			name = Products;
			sourceTree = "<group>";
		};
		40273C962EA5C12300C63E94 /* SpotifySort */ = {
			isa = PBXGroup;
			children = (
				40273CA62EA87ED300C63E94 /* Info.plist */,
				40273CA72EA8CB0C00C63E94 /* AuthManager.swift */,
				40273C972EA5C12300C63E94 /* SpotifySortApp.swift */,
				40273C992EA5C12300C63E94 /* ContentView.swift */,
				40273CAD2EA8CBEE00C63E94 /* Views.swift */,
				40273C9B2EA5C12500C63E94 /* Assets.xcassets */,
				40273C9D2EA5C12500C63E94 /* SpotifySort.entitlements */,
				40273C9E2EA5C12500C63E94 /* Preview Content */,
				40273CA92EA8CB1F00C63E94 /* SpotifyAPI.swift */,
				40273CAB2EA8CB2B00C63E94 /* Models.swift */,
				40273CAF2EA8CD6000C63E94 /* SwipeCard.swift */,
				40273CB12EA8CF2500C63E94 /* RemoteImage.swift */,
			);
			path = SpotifySort;
			sourceTree = "<group>";
		};
		40273C9E2EA5C12500C63E94 /* Preview Content */ = {
			isa = PBXGroup;
			children = (
				40273C9F2EA5C12500C63E94 /* Preview Assets.xcassets */,
			);
			path = "Preview Content";
			sourceTree = "<group>";
		};
/* End PBXGroup section */

/* Begin PBXNativeTarget section */
		40273C932EA5C12300C63E94 /* SpotifySort */ = {
			isa = PBXNativeTarget;
			buildConfigurationList = 40273CA32EA5C12500C63E94 /* Build configuration list for PBXNativeTarget "SpotifySort" */;
			buildPhases = (
				40273C902EA5C12300C63E94 /* Sources */,
				40273C912EA5C12300C63E94 /* Frameworks */,
				40273C922EA5C12300C63E94 /* Resources */,
			);
			buildRules = (
			);
			dependencies = (
			);
			name = SpotifySort;
			productName = SpotifySort;
			productReference = 40273C942EA5C12300C63E94 /* SpotifySort.app */;
			productType = "com.apple.product-type.application";
		};
/* End PBXNativeTarget section */

/* Begin PBXProject section */
		40273C8C2EA5C12300C63E94 /* Project object */ = {
			isa = PBXProject;
			attributes = {
				BuildIndependentTargetsInParallel = 1;
				LastSwiftUpdateCheck = 1540;
				LastUpgradeCheck = 1540;
				TargetAttributes = {
					40273C932EA5C12300C63E94 = {
						CreatedOnToolsVersion = 15.4;
					};
				};
			};
			buildConfigurationList = 40273C8F2EA5C12300C63E94 /* Build configuration list for PBXProject "SpotifySort" */;
			compatibilityVersion = "Xcode 14.0";
			developmentRegion = en;
			hasScannedForEncodings = 0;
			knownRegions = (
				en,
				Base,
			);
			mainGroup = 40273C8B2EA5C12300C63E94;
			productRefGroup = 40273C952EA5C12300C63E94 /* Products */;
			projectDirPath = "";
			projectRoot = "";
			targets = (
				40273C932EA5C12300C63E94 /* SpotifySort */,
			);
		};
/* End PBXProject section */

/* Begin PBXResourcesBuildPhase section */
		40273C922EA5C12300C63E94 /* Resources */ = {
			isa = PBXResourcesBuildPhase;
			buildActionMask = 2147483647;
			files = (
				40273CA02EA5C12500C63E94 /* Preview Assets.xcassets in Resources */,
				40273C9C2EA5C12500C63E94 /* Assets.xcassets in Resources */,
			);
			runOnlyForDeploymentPostprocessing = 0;
		};
/* End PBXResourcesBuildPhase section */

/* Begin PBXSourcesBuildPhase section */
		40273C902EA5C12300C63E94 /* Sources */ = {
			isa = PBXSourcesBuildPhase;
			buildActionMask = 2147483647;
			files = (
				40273C9A2EA5C12300C63E94 /* ContentView.swift in Sources */,
				40273CA82EA8CB0C00C63E94 /* AuthManager.swift in Sources */,
				40273CAE2EA8CBEE00C63E94 /* Views.swift in Sources */,
				40273CB22EA8CF2500C63E94 /* RemoteImage.swift in Sources */,
				40273C982EA5C12300C63E94 /* SpotifySortApp.swift in Sources */,
				40273CB02EA8CD6000C63E94 /* SwipeCard.swift in Sources */,
				40273CAA2EA8CB1F00C63E94 /* SpotifyAPI.swift in Sources */,
				40273CAC2EA8CB2B00C63E94 /* Models.swift in Sources */,
			);
			runOnlyForDeploymentPostprocessing = 0;
		};
/* End PBXSourcesBuildPhase section */

/* Begin XCBuildConfiguration section */
		40273CA12EA5C12500C63E94 /* Debug */ = {
			isa = XCBuildConfiguration;
			buildSettings = {
				ALWAYS_SEARCH_USER_PATHS = NO;
				ASSETCATALOG_COMPILER_GENERATE_SWIFT_ASSET_SYMBOL_EXTENSIONS = YES;
				CLANG_ANALYZER_NONNULL = YES;
				CLANG_ANALYZER_NUMBER_OBJECT_CONVERSION = YES_AGGRESSIVE;
				CLANG_CXX_LANGUAGE_STANDARD = "gnu++20";
				CLANG_ENABLE_MODULES = YES;
				CLANG_ENABLE_OBJC_ARC = YES;
				CLANG_ENABLE_OBJC_WEAK = YES;
				CLANG_WARN_BLOCK_CAPTURE_AUTORELEASING = YES;
				CLANG_WARN_BOOL_CONVERSION = YES;
				CLANG_WARN_COMMA = YES;
				CLANG_WARN_CONSTANT_CONVERSION = YES;
				CLANG_WARN_DEPRECATED_OBJC_IMPLEMENTATIONS = YES;
				CLANG_WARN_DIRECT_OBJC_ISA_USAGE = YES_ERROR;
				CLANG_WARN_DOCUMENTATION_COMMENTS = YES;
				CLANG_WARN_EMPTY_BODY = YES;
				CLANG_WARN_ENUM_CONVERSION = YES;
				CLANG_WARN_INFINITE_RECURSION = YES;
				CLANG_WARN_INT_CONVERSION = YES;
				CLANG_WARN_NON_LITERAL_NULL_CONVERSION = YES;
				CLANG_WARN_OBJC_IMPLICIT_RETAIN_SELF = YES;
				CLANG_WARN_OBJC_LITERAL_CONVERSION = YES;
				CLANG_WARN_OBJC_ROOT_CLASS = YES_ERROR;
				CLANG_WARN_QUOTED_INCLUDE_IN_FRAMEWORK_HEADER = YES;
				CLANG_WARN_RANGE_LOOP_ANALYSIS = YES;
				CLANG_WARN_STRICT_PROTOTYPES = YES;
				CLANG_WARN_SUSPICIOUS_MOVE = YES;
				CLANG_WARN_UNGUARDED_AVAILABILITY = YES_AGGRESSIVE;
				CLANG_WARN_UNREACHABLE_CODE = YES;
				CLANG_WARN__DUPLICATE_METHOD_MATCH = YES;
				COPY_PHASE_STRIP = NO;
				DEBUG_INFORMATION_FORMAT = dwarf;
				ENABLE_STRICT_OBJC_MSGSEND = YES;
				ENABLE_TESTABILITY = YES;
				ENABLE_USER_SCRIPT_SANDBOXING = YES;
				GCC_C_LANGUAGE_STANDARD = gnu17;
				GCC_DYNAMIC_NO_PIC = NO;
				GCC_NO_COMMON_BLOCKS = YES;
				GCC_OPTIMIZATION_LEVEL = 0;
				GCC_PREPROCESSOR_DEFINITIONS = (
					"DEBUG=1",
					"$(inherited)",
				);
				GCC_WARN_64_TO_32_BIT_CONVERSION = YES;
				GCC_WARN_ABOUT_RETURN_TYPE = YES_ERROR;
				GCC_WARN_UNDECLARED_SELECTOR = YES;
				GCC_WARN_UNINITIALIZED_AUTOS = YES_AGGRESSIVE;
				GCC_WARN_UNUSED_FUNCTION = YES;
				GCC_WARN_UNUSED_VARIABLE = YES;
				LOCALIZATION_PREFERS_STRING_CATALOGS = YES;
				MTL_ENABLE_DEBUG_INFO = INCLUDE_SOURCE;
				MTL_FAST_MATH = YES;
				ONLY_ACTIVE_ARCH = YES;
				SWIFT_ACTIVE_COMPILATION_CONDITIONS = "DEBUG $(inherited)";
				SWIFT_OPTIMIZATION_LEVEL = "-Onone";
			};
			name = Debug;
		};
		40273CA22EA5C12500C63E94 /* Release */ = {
			isa = XCBuildConfiguration;
			buildSettings = {
				ALWAYS_SEARCH_USER_PATHS = NO;
				ASSETCATALOG_COMPILER_GENERATE_SWIFT_ASSET_SYMBOL_EXTENSIONS = YES;
				CLANG_ANALYZER_NONNULL = YES;
				CLANG_ANALYZER_NUMBER_OBJECT_CONVERSION = YES_AGGRESSIVE;
				CLANG_CXX_LANGUAGE_STANDARD = "gnu++20";
				CLANG_ENABLE_MODULES = YES;
				CLANG_ENABLE_OBJC_ARC = YES;
				CLANG_ENABLE_OBJC_WEAK = YES;
				CLANG_WARN_BLOCK_CAPTURE_AUTORELEASING = YES;
				CLANG_WARN_BOOL_CONVERSION = YES;
				CLANG_WARN_COMMA = YES;
				CLANG_WARN_CONSTANT_CONVERSION = YES;
				CLANG_WARN_DEPRECATED_OBJC_IMPLEMENTATIONS = YES;
				CLANG_WARN_DIRECT_OBJC_ISA_USAGE = YES_ERROR;
				CLANG_WARN_DOCUMENTATION_COMMENTS = YES;
				CLANG_WARN_EMPTY_BODY = YES;
				CLANG_WARN_ENUM_CONVERSION = YES;
				CLANG_WARN_INFINITE_RECURSION = YES;
				CLANG_WARN_INT_CONVERSION = YES;
				CLANG_WARN_NON_LITERAL_NULL_CONVERSION = YES;
				CLANG_WARN_OBJC_IMPLICIT_RETAIN_SELF = YES;
				CLANG_WARN_OBJC_LITERAL_CONVERSION = YES;
				CLANG_WARN_OBJC_ROOT_CLASS = YES_ERROR;
				CLANG_WARN_QUOTED_INCLUDE_IN_FRAMEWORK_HEADER = YES;
				CLANG_WARN_RANGE_LOOP_ANALYSIS = YES;
				CLANG_WARN_STRICT_PROTOTYPES = YES;
				CLANG_WARN_SUSPICIOUS_MOVE = YES;
				CLANG_WARN_UNGUARDED_AVAILABILITY = YES_AGGRESSIVE;
				CLANG_WARN_UNREACHABLE_CODE = YES;
				CLANG_WARN__DUPLICATE_METHOD_MATCH = YES;
				COPY_PHASE_STRIP = NO;
				DEBUG_INFORMATION_FORMAT = "dwarf-with-dsym";
				ENABLE_NS_ASSERTIONS = NO;
				ENABLE_STRICT_OBJC_MSGSEND = YES;
				ENABLE_USER_SCRIPT_SANDBOXING = YES;
				GCC_C_LANGUAGE_STANDARD = gnu17;
				GCC_NO_COMMON_BLOCKS = YES;
				GCC_WARN_64_TO_32_BIT_CONVERSION = YES;
				GCC_WARN_ABOUT_RETURN_TYPE = YES_ERROR;
				GCC_WARN_UNDECLARED_SELECTOR = YES;
				GCC_WARN_UNINITIALIZED_AUTOS = YES_AGGRESSIVE;
				GCC_WARN_UNUSED_FUNCTION = YES;
				GCC_WARN_UNUSED_VARIABLE = YES;
				LOCALIZATION_PREFERS_STRING_CATALOGS = YES;
				MTL_ENABLE_DEBUG_INFO = NO;
				MTL_FAST_MATH = YES;
				SWIFT_COMPILATION_MODE = wholemodule;
			};
			name = Release;
		};
		40273CA42EA5C12500C63E94 /* Debug */ = {
			isa = XCBuildConfiguration;
			buildSettings = {
				ASSETCATALOG_COMPILER_APPICON_NAME = AppIcon;
				ASSETCATALOG_COMPILER_GLOBAL_ACCENT_COLOR_NAME = AccentColor;
				CODE_SIGN_ENTITLEMENTS = SpotifySort/SpotifySort.entitlements;
				CODE_SIGN_STYLE = Automatic;
				CURRENT_PROJECT_VERSION = 1;
				DEVELOPMENT_ASSET_PATHS = "\"SpotifySort/Preview Content\"";
				DEVELOPMENT_TEAM = FT497LW97Z;
				ENABLE_HARDENED_RUNTIME = YES;
				ENABLE_PREVIEWS = YES;
				GENERATE_INFOPLIST_FILE = YES;
				INFOPLIST_FILE = SpotifySort/Info.plist;
				"INFOPLIST_KEY_UIApplicationSceneManifest_Generation[sdk=iphoneos*]" = YES;
				"INFOPLIST_KEY_UIApplicationSceneManifest_Generation[sdk=iphonesimulator*]" = YES;
				"INFOPLIST_KEY_UIApplicationSupportsIndirectInputEvents[sdk=iphoneos*]" = YES;
				"INFOPLIST_KEY_UIApplicationSupportsIndirectInputEvents[sdk=iphonesimulator*]" = YES;
				"INFOPLIST_KEY_UILaunchScreen_Generation[sdk=iphoneos*]" = YES;
				"INFOPLIST_KEY_UILaunchScreen_Generation[sdk=iphonesimulator*]" = YES;
				"INFOPLIST_KEY_UIStatusBarStyle[sdk=iphoneos*]" = UIStatusBarStyleDefault;
				"INFOPLIST_KEY_UIStatusBarStyle[sdk=iphonesimulator*]" = UIStatusBarStyleDefault;
				INFOPLIST_KEY_UISupportedInterfaceOrientations_iPad = "UIInterfaceOrientationPortrait UIInterfaceOrientationPortraitUpsideDown UIInterfaceOrientationLandscapeLeft UIInterfaceOrientationLandscapeRight";
				INFOPLIST_KEY_UISupportedInterfaceOrientations_iPhone = "UIInterfaceOrientationPortrait UIInterfaceOrientationLandscapeLeft UIInterfaceOrientationLandscapeRight";
				IPHONEOS_DEPLOYMENT_TARGET = 17.5;
				LD_RUNPATH_SEARCH_PATHS = "@executable_path/Frameworks";
				"LD_RUNPATH_SEARCH_PATHS[sdk=macosx*]" = "@executable_path/../Frameworks";
				MACOSX_DEPLOYMENT_TARGET = 14.2;
				MARKETING_VERSION = 1.0;
				PRODUCT_BUNDLE_IDENTIFIER = dev.alastairgrant.SpotifySort;
				PRODUCT_NAME = "$(TARGET_NAME)";
				SDKROOT = auto;
				SUPPORTED_PLATFORMS = "iphoneos iphonesimulator macosx";
				SWIFT_EMIT_LOC_STRINGS = YES;
				SWIFT_VERSION = 5.0;
				TARGETED_DEVICE_FAMILY = "1,2";
			};
			name = Debug;
		};
		40273CA52EA5C12500C63E94 /* Release */ = {
			isa = XCBuildConfiguration;
			buildSettings = {
				ASSETCATALOG_COMPILER_APPICON_NAME = AppIcon;
				ASSETCATALOG_COMPILER_GLOBAL_ACCENT_COLOR_NAME = AccentColor;
				CODE_SIGN_ENTITLEMENTS = SpotifySort/SpotifySort.entitlements;
				CODE_SIGN_STYLE = Automatic;
				CURRENT_PROJECT_VERSION = 1;
				DEVELOPMENT_ASSET_PATHS = "\"SpotifySort/Preview Content\"";
				DEVELOPMENT_TEAM = FT497LW97Z;
				ENABLE_HARDENED_RUNTIME = YES;
				ENABLE_PREVIEWS = YES;
				GENERATE_INFOPLIST_FILE = YES;
				INFOPLIST_FILE = SpotifySort/Info.plist;
				"INFOPLIST_KEY_UIApplicationSceneManifest_Generation[sdk=iphoneos*]" = YES;
				"INFOPLIST_KEY_UIApplicationSceneManifest_Generation[sdk=iphonesimulator*]" = YES;
				"INFOPLIST_KEY_UIApplicationSupportsIndirectInputEvents[sdk=iphoneos*]" = YES;
				"INFOPLIST_KEY_UIApplicationSupportsIndirectInputEvents[sdk=iphonesimulator*]" = YES;
				"INFOPLIST_KEY_UILaunchScreen_Generation[sdk=iphoneos*]" = YES;
				"INFOPLIST_KEY_UILaunchScreen_Generation[sdk=iphonesimulator*]" = YES;
				"INFOPLIST_KEY_UIStatusBarStyle[sdk=iphoneos*]" = UIStatusBarStyleDefault;
				"INFOPLIST_KEY_UIStatusBarStyle[sdk=iphonesimulator*]" = UIStatusBarStyleDefault;
				INFOPLIST_KEY_UISupportedInterfaceOrientations_iPad = "UIInterfaceOrientationPortrait UIInterfaceOrientationPortraitUpsideDown UIInterfaceOrientationLandscapeLeft UIInterfaceOrientationLandscapeRight";
				INFOPLIST_KEY_UISupportedInterfaceOrientations_iPhone = "UIInterfaceOrientationPortrait UIInterfaceOrientationLandscapeLeft UIInterfaceOrientationLandscapeRight";
				IPHONEOS_DEPLOYMENT_TARGET = 17.5;
				LD_RUNPATH_SEARCH_PATHS = "@executable_path/Frameworks";
				"LD_RUNPATH_SEARCH_PATHS[sdk=macosx*]" = "@executable_path/../Frameworks";
				MACOSX_DEPLOYMENT_TARGET = 14.2;
				MARKETING_VERSION = 1.0;
				PRODUCT_BUNDLE_IDENTIFIER = dev.alastairgrant.SpotifySort;
				PRODUCT_NAME = "$(TARGET_NAME)";
				SDKROOT = auto;
				SUPPORTED_PLATFORMS = "iphoneos iphonesimulator macosx";
				SWIFT_EMIT_LOC_STRINGS = YES;
				SWIFT_VERSION = 5.0;
				TARGETED_DEVICE_FAMILY = "1,2";
			};
			name = Release;
		};
/* End XCBuildConfiguration section */

/* Begin XCConfigurationList section */
		40273C8F2EA5C12300C63E94 /* Build configuration list for PBXProject "SpotifySort" */ = {
			isa = XCConfigurationList;
			buildConfigurations = (
				40273CA12EA5C12500C63E94 /* Debug */,
				40273CA22EA5C12500C63E94 /* Release */,
			);
			defaultConfigurationIsVisible = 0;
			defaultConfigurationName = Release;
		};
		40273CA32EA5C12500C63E94 /* Build configuration list for PBXNativeTarget "SpotifySort" */ = {
			isa = XCConfigurationList;
			buildConfigurations = (
				40273CA42EA5C12500C63E94 /* Debug */,
				40273CA52EA5C12500C63E94 /* Release */,
			);
			defaultConfigurationIsVisible = 0;
			defaultConfigurationName = Release;
		};
/* End XCConfigurationList section */
	};
	rootObject = 40273C8C2EA5C12300C63E94 /* Project object */;
}
